
Microsoft Visual Studio Solution File, Format Version 12.00
Project("{2150E333-8FDC-42A3-9474-1A3956D46DE8}") = "Services", "Services", "{0D420AB6-DD25-4EDC-A970-11F35223EF55}"
EndProject
Project("{2150E333-8FDC-42A3-9474-1A3956D46DE8}") = "Catalog", "Catalog", "{881CAB8C-D3C5-4C86-A3FA-97B84B01FD9E}"
EndProject
Project("{FAE04EC0-301F-11D3-BF4B-00C04F79EFBC}") = "CatalogService.Api", "Services\Catalog\CatalogService.Api\CatalogService.Api.csproj", "{5B814D0F-8264-4181-A550-EE84DDFDE5C0}"
EndProject
Project("{2150E333-8FDC-42A3-9474-1A3956D46DE8}") = "ApiPorts", "ApiPorts", "{2BFC600D-F18B-49F8-B1E9-C923248EC186}"
	ProjectSection(SolutionItems) = preProject
		Services\Ports = Services\Ports
	EndProjectSection
EndProject
Project("{2150E333-8FDC-42A3-9474-1A3956D46DE8}") = "Shared", "Shared", "{F31A74C7-D56A-4F3B-9605-1973A751AE81}"
EndProject
Project("{FAE04EC0-301F-11D3-BF4B-00C04F79EFBC}") = "ExampleMicroservice.Shared", "Shared\ExampleMicroservice.Shared\ExampleMicroservice.Shared.csproj", "{FB5DE955-4BBD-4CC4-B0A6-BC43DF627490}"
EndProject
Project("{2150E333-8FDC-42A3-9474-1A3956D46DE8}") = "IdentityServer", "IdentityServer", "{C09F3212-DC13-4FF6-8019-5BD09B66BF59}"
EndProject
Project("{FAE04EC0-301F-11D3-BF4B-00C04F79EFBC}") = "IdentityServer", "IdentityServer\IdentityServer\IdentityServer.csproj", "{E9CDD052-4C15-48AC-93E6-EEE9992CB169}"
EndProject
Project("{2150E333-8FDC-42A3-9474-1A3956D46DE8}") = "PhotoStock", "PhotoStock", "{89F54798-C630-47BB-AD10-14581FDDDA26}"
EndProject
Project("{FAE04EC0-301F-11D3-BF4B-00C04F79EFBC}") = "PhotoStockService.Api", "Services\PhotoStock\PhotoStockService.Api\PhotoStockService.Api.csproj", "{41EE562C-032D-463E-96BB-535CBD2948C1}"
EndProject
Project("{2150E333-8FDC-42A3-9474-1A3956D46DE8}") = "Basket", "Basket", "{DE10CE71-9DBB-4DD5-9D4E-2629971C2B68}"
EndProject
Project("{FAE04EC0-301F-11D3-BF4B-00C04F79EFBC}") = "BasketService.Api", "Services\Basket\BasketService.Api\BasketService.Api.csproj", "{DC6223CA-2B65-4D27-98E3-103C339E1C4A}"
EndProject
Project("{2150E333-8FDC-42A3-9474-1A3956D46DE8}") = "Discount", "Discount", "{2A51F53C-8A59-4DAA-AB2B-314287538017}"
EndProject
Project("{FAE04EC0-301F-11D3-BF4B-00C04F79EFBC}") = "DiscountService.Api", "Services\Discount\DiscountService.Api\DiscountService.Api.csproj", "{C5E00CB1-53FE-4B14-A221-266BE532C15E}"
EndProject
Project("{2150E333-8FDC-42A3-9474-1A3956D46DE8}") = "Order", "Order", "{0032CDBB-4CD3-4F92-AAD5-03D90E4751FA}"
EndProject
Project("{FAE04EC0-301F-11D3-BF4B-00C04F79EFBC}") = "OrderService.Domain", "Services\Order\OrderService.Domain\OrderService.Domain.csproj", "{4B47FF7E-2346-45C8-BA4E-1A3B476CD19D}"
EndProject
Project("{FAE04EC0-301F-11D3-BF4B-00C04F79EFBC}") = "OrderService.Infrastructure", "Services\Order\OrderService.Infrastructure\OrderService.Infrastructure.csproj", "{F345F13C-9F9C-40F4-A76F-E2104FFB4D4A}"
EndProject
Project("{FAE04EC0-301F-11D3-BF4B-00C04F79EFBC}") = "OrderService.Application", "Services\Order\OrderService.Application\OrderService.Application.csproj", "{47C00DAE-4E9A-4C23-840D-257F1CBF1C17}"
EndProject
Project("{FAE04EC0-301F-11D3-BF4B-00C04F79EFBC}") = "OrderService.Domain.Core", "Services\Order\OrderService.Domain.Core\OrderService.Domain.Core.csproj", "{0F4E68FA-9382-49F9-AD31-EE0127014AA1}"
EndProject
Project("{FAE04EC0-301F-11D3-BF4B-00C04F79EFBC}") = "OrderService.Api", "Services\Order\OrderService.Api\OrderService.Api.csproj", "{B91B3A27-4868-49D9-87F4-A89203A0AD27}"
EndProject
Project("{2150E333-8FDC-42A3-9474-1A3956D46DE8}") = "FakePayment", "FakePayment", "{0C6B752F-F4A8-49A2-B319-E5C584958154}"
EndProject
Project("{FAE04EC0-301F-11D3-BF4B-00C04F79EFBC}") = "FakePaymentService.Api", "Services\FakePayment\FakePaymentService.Api\FakePaymentService.Api.csproj", "{5476B5A5-86C4-417E-B23E-BAC3F0E285A8}"
EndProject
Project("{2150E333-8FDC-42A3-9474-1A3956D46DE8}") = "Gateway", "Gateway", "{D5494696-5124-4DBE-BCE6-E9263F747471}"
EndProject
Project("{FAE04EC0-301F-11D3-BF4B-00C04F79EFBC}") = "GatewayService.Api", "Gateway\GatewayService.Api\GatewayService.Api.csproj", "{E78C9AFF-34EC-40B9-BD34-5FC954B408B8}"
EndProject
Global
	GlobalSection(SolutionConfigurationPlatforms) = preSolution
		Debug|Any CPU = Debug|Any CPU
		Release|Any CPU = Release|Any CPU
	EndGlobalSection
	GlobalSection(NestedProjects) = preSolution
		{881CAB8C-D3C5-4C86-A3FA-97B84B01FD9E} = {0D420AB6-DD25-4EDC-A970-11F35223EF55}
		{5B814D0F-8264-4181-A550-EE84DDFDE5C0} = {881CAB8C-D3C5-4C86-A3FA-97B84B01FD9E}
		{FB5DE955-4BBD-4CC4-B0A6-BC43DF627490} = {F31A74C7-D56A-4F3B-9605-1973A751AE81}
		{E9CDD052-4C15-48AC-93E6-EEE9992CB169} = {C09F3212-DC13-4FF6-8019-5BD09B66BF59}
		{89F54798-C630-47BB-AD10-14581FDDDA26} = {0D420AB6-DD25-4EDC-A970-11F35223EF55}
		{41EE562C-032D-463E-96BB-535CBD2948C1} = {89F54798-C630-47BB-AD10-14581FDDDA26}
		{DE10CE71-9DBB-4DD5-9D4E-2629971C2B68} = {0D420AB6-DD25-4EDC-A970-11F35223EF55}
		{DC6223CA-2B65-4D27-98E3-103C339E1C4A} = {DE10CE71-9DBB-4DD5-9D4E-2629971C2B68}
		{2A51F53C-8A59-4DAA-AB2B-314287538017} = {0D420AB6-DD25-4EDC-A970-11F35223EF55}
		{C5E00CB1-53FE-4B14-A221-266BE532C15E} = {2A51F53C-8A59-4DAA-AB2B-314287538017}
		{0032CDBB-4CD3-4F92-AAD5-03D90E4751FA} = {0D420AB6-DD25-4EDC-A970-11F35223EF55}
		{4B47FF7E-2346-45C8-BA4E-1A3B476CD19D} = {0032CDBB-4CD3-4F92-AAD5-03D90E4751FA}
		{F345F13C-9F9C-40F4-A76F-E2104FFB4D4A} = {0032CDBB-4CD3-4F92-AAD5-03D90E4751FA}
		{47C00DAE-4E9A-4C23-840D-257F1CBF1C17} = {0032CDBB-4CD3-4F92-AAD5-03D90E4751FA}
		{0F4E68FA-9382-49F9-AD31-EE0127014AA1} = {0032CDBB-4CD3-4F92-AAD5-03D90E4751FA}
		{B91B3A27-4868-49D9-87F4-A89203A0AD27} = {0032CDBB-4CD3-4F92-AAD5-03D90E4751FA}
		{0C6B752F-F4A8-49A2-B319-E5C584958154} = {0D420AB6-DD25-4EDC-A970-11F35223EF55}
		{5476B5A5-86C4-417E-B23E-BAC3F0E285A8} = {0C6B752F-F4A8-49A2-B319-E5C584958154}
		{E78C9AFF-34EC-40B9-BD34-5FC954B408B8} = {D5494696-5124-4DBE-BCE6-E9263F747471}
	EndGlobalSection
	GlobalSection(ProjectConfigurationPlatforms) = postSolution
		{5B814D0F-8264-4181-A550-EE84DDFDE5C0}.Debug|Any CPU.ActiveCfg = Debug|Any CPU
		{5B814D0F-8264-4181-A550-EE84DDFDE5C0}.Debug|Any CPU.Build.0 = Debug|Any CPU
		{5B814D0F-8264-4181-A550-EE84DDFDE5C0}.Release|Any CPU.ActiveCfg = Release|Any CPU
		{5B814D0F-8264-4181-A550-EE84DDFDE5C0}.Release|Any CPU.Build.0 = Release|Any CPU
		{FB5DE955-4BBD-4CC4-B0A6-BC43DF627490}.Debug|Any CPU.ActiveCfg = Debug|Any CPU
		{FB5DE955-4BBD-4CC4-B0A6-BC43DF627490}.Debug|Any CPU.Build.0 = Debug|Any CPU
		{FB5DE955-4BBD-4CC4-B0A6-BC43DF627490}.Release|Any CPU.ActiveCfg = Release|Any CPU
		{FB5DE955-4BBD-4CC4-B0A6-BC43DF627490}.Release|Any CPU.Build.0 = Release|Any CPU
		{E9CDD052-4C15-48AC-93E6-EEE9992CB169}.Debug|Any CPU.ActiveCfg = Debug|Any CPU
		{E9CDD052-4C15-48AC-93E6-EEE9992CB169}.Debug|Any CPU.Build.0 = Debug|Any CPU
		{E9CDD052-4C15-48AC-93E6-EEE9992CB169}.Release|Any CPU.ActiveCfg = Release|Any CPU
		{E9CDD052-4C15-48AC-93E6-EEE9992CB169}.Release|Any CPU.Build.0 = Release|Any CPU
		{41EE562C-032D-463E-96BB-535CBD2948C1}.Debug|Any CPU.ActiveCfg = Debug|Any CPU
		{41EE562C-032D-463E-96BB-535CBD2948C1}.Debug|Any CPU.Build.0 = Debug|Any CPU
		{41EE562C-032D-463E-96BB-535CBD2948C1}.Release|Any CPU.ActiveCfg = Release|Any CPU
		{41EE562C-032D-463E-96BB-535CBD2948C1}.Release|Any CPU.Build.0 = Release|Any CPU
		{DC6223CA-2B65-4D27-98E3-103C339E1C4A}.Debug|Any CPU.ActiveCfg = Debug|Any CPU
		{DC6223CA-2B65-4D27-98E3-103C339E1C4A}.Debug|Any CPU.Build.0 = Debug|Any CPU
		{DC6223CA-2B65-4D27-98E3-103C339E1C4A}.Release|Any CPU.ActiveCfg = Release|Any CPU
		{DC6223CA-2B65-4D27-98E3-103C339E1C4A}.Release|Any CPU.Build.0 = Release|Any CPU
		{C5E00CB1-53FE-4B14-A221-266BE532C15E}.Debug|Any CPU.ActiveCfg = Debug|Any CPU
		{C5E00CB1-53FE-4B14-A221-266BE532C15E}.Debug|Any CPU.Build.0 = Debug|Any CPU
		{C5E00CB1-53FE-4B14-A221-266BE532C15E}.Release|Any CPU.ActiveCfg = Release|Any CPU
		{C5E00CB1-53FE-4B14-A221-266BE532C15E}.Release|Any CPU.Build.0 = Release|Any CPU
		{4B47FF7E-2346-45C8-BA4E-1A3B476CD19D}.Debug|Any CPU.ActiveCfg = Debug|Any CPU
		{4B47FF7E-2346-45C8-BA4E-1A3B476CD19D}.Debug|Any CPU.Build.0 = Debug|Any CPU
		{4B47FF7E-2346-45C8-BA4E-1A3B476CD19D}.Release|Any CPU.ActiveCfg = Release|Any CPU
		{4B47FF7E-2346-45C8-BA4E-1A3B476CD19D}.Release|Any CPU.Build.0 = Release|Any CPU
		{F345F13C-9F9C-40F4-A76F-E2104FFB4D4A}.Debug|Any CPU.ActiveCfg = Debug|Any CPU
		{F345F13C-9F9C-40F4-A76F-E2104FFB4D4A}.Debug|Any CPU.Build.0 = Debug|Any CPU
		{F345F13C-9F9C-40F4-A76F-E2104FFB4D4A}.Release|Any CPU.ActiveCfg = Release|Any CPU
		{F345F13C-9F9C-40F4-A76F-E2104FFB4D4A}.Release|Any CPU.Build.0 = Release|Any CPU
		{47C00DAE-4E9A-4C23-840D-257F1CBF1C17}.Debug|Any CPU.ActiveCfg = Debug|Any CPU
		{47C00DAE-4E9A-4C23-840D-257F1CBF1C17}.Debug|Any CPU.Build.0 = Debug|Any CPU
		{47C00DAE-4E9A-4C23-840D-257F1CBF1C17}.Release|Any CPU.ActiveCfg = Release|Any CPU
		{47C00DAE-4E9A-4C23-840D-257F1CBF1C17}.Release|Any CPU.Build.0 = Release|Any CPU
		{0F4E68FA-9382-49F9-AD31-EE0127014AA1}.Debug|Any CPU.ActiveCfg = Debug|Any CPU
		{0F4E68FA-9382-49F9-AD31-EE0127014AA1}.Debug|Any CPU.Build.0 = Debug|Any CPU
		{0F4E68FA-9382-49F9-AD31-EE0127014AA1}.Release|Any CPU.ActiveCfg = Release|Any CPU
		{0F4E68FA-9382-49F9-AD31-EE0127014AA1}.Release|Any CPU.Build.0 = Release|Any CPU
		{B91B3A27-4868-49D9-87F4-A89203A0AD27}.Debug|Any CPU.ActiveCfg = Debug|Any CPU
		{B91B3A27-4868-49D9-87F4-A89203A0AD27}.Debug|Any CPU.Build.0 = Debug|Any CPU
		{B91B3A27-4868-49D9-87F4-A89203A0AD27}.Release|Any CPU.ActiveCfg = Release|Any CPU
		{B91B3A27-4868-49D9-87F4-A89203A0AD27}.Release|Any CPU.Build.0 = Release|Any CPU
		{5476B5A5-86C4-417E-B23E-BAC3F0E285A8}.Debug|Any CPU.ActiveCfg = Debug|Any CPU
		{5476B5A5-86C4-417E-B23E-BAC3F0E285A8}.Debug|Any CPU.Build.0 = Debug|Any CPU
		{5476B5A5-86C4-417E-B23E-BAC3F0E285A8}.Release|Any CPU.ActiveCfg = Release|Any CPU
		{5476B5A5-86C4-417E-B23E-BAC3F0E285A8}.Release|Any CPU.Build.0 = Release|Any CPU
		{E78C9AFF-34EC-40B9-BD34-5FC954B408B8}.Debug|Any CPU.ActiveCfg = Debug|Any CPU
		{E78C9AFF-34EC-40B9-BD34-5FC954B408B8}.Debug|Any CPU.Build.0 = Debug|Any CPU
		{E78C9AFF-34EC-40B9-BD34-5FC954B408B8}.Release|Any CPU.ActiveCfg = Release|Any CPU
		{E78C9AFF-34EC-40B9-BD34-5FC954B408B8}.Release|Any CPU.Build.0 = Release|Any CPU
	EndGlobalSection
EndGlobal
